// !$*UTF8*$!
{
	archiveVersion = 1;
	classes = {
	};
	objectVersion = 56;
	objects = {

/* Begin PBXBuildFile section */
		9B64256D29938B5900EFBF74 /* baguetteApp.swift in Sources */ = {isa = PBXBuildFile; fileRef = 9B64256C29938B5900EFBF74 /* baguetteApp.swift */; };
		9B64256F29938B5900EFBF74 /* ContentView.swift in Sources */ = {isa = PBXBuildFile; fileRef = 9B64256E29938B5900EFBF74 /* ContentView.swift */; };
		9B64257129938B5B00EFBF74 /* Assets.xcassets in Resources */ = {isa = PBXBuildFile; fileRef = 9B64257029938B5B00EFBF74 /* Assets.xcassets */; };
		9B64257529938B5B00EFBF74 /* Preview Assets.xcassets in Resources */ = {isa = PBXBuildFile; fileRef = 9B64257429938B5B00EFBF74 /* Preview Assets.xcassets */; };
		9B64257F29938B5B00EFBF74 /* baguetteTests.swift in Sources */ = {isa = PBXBuildFile; fileRef = 9B64257E29938B5B00EFBF74 /* baguetteTests.swift */; };
		9B64258929938B5B00EFBF74 /* baguetteUITests.swift in Sources */ = {isa = PBXBuildFile; fileRef = 9B64258829938B5B00EFBF74 /* baguetteUITests.swift */; };
		9B64258B29938B5B00EFBF74 /* baguetteUITestsLaunchTests.swift in Sources */ = {isa = PBXBuildFile; fileRef = 9B64258A29938B5B00EFBF74 /* baguetteUITestsLaunchTests.swift */; };
/* End PBXBuildFile section */

/* Begin PBXContainerItemProxy section */
		9B64257B29938B5B00EFBF74 /* PBXContainerItemProxy */ = {
			isa = PBXContainerItemProxy;
			containerPortal = 9B64256129938B5900EFBF74 /* Project object */;
			proxyType = 1;
			remoteGlobalIDString = 9B64256829938B5900EFBF74;
			remoteInfo = baguette;
		};
		9B64258529938B5B00EFBF74 /* PBXContainerItemProxy */ = {
			isa = PBXContainerItemProxy;
			containerPortal = 9B64256129938B5900EFBF74 /* Project object */;
			proxyType = 1;
			remoteGlobalIDString = 9B64256829938B5900EFBF74;
			remoteInfo = baguette;
		};
/* End PBXContainerItemProxy section */

/* Begin PBXFileReference section */
		9B64256929938B5900EFBF74 /* baguette.app */ = {isa = PBXFileReference; explicitFileType = wrapper.application; includeInIndex = 0; path = baguette.app; sourceTree = BUILT_PRODUCTS_DIR; };
		9B64256C29938B5900EFBF74 /* baguetteApp.swift */ = {isa = PBXFileReference; lastKnownFileType = sourcecode.swift; path = baguetteApp.swift; sourceTree = "<group>"; };
		9B64256E29938B5900EFBF74 /* ContentView.swift */ = {isa = PBXFileReference; lastKnownFileType = sourcecode.swift; path = ContentView.swift; sourceTree = "<group>"; };
		9B64257029938B5B00EFBF74 /* Assets.xcassets */ = {isa = PBXFileReference; lastKnownFileType = folder.assetcatalog; path = Assets.xcassets; sourceTree = "<group>"; };
		9B64257229938B5B00EFBF74 /* baguette.entitlements */ = {isa = PBXFileReference; lastKnownFileType = text.plist.entitlements; path = baguette.entitlements; sourceTree = "<group>"; };
		9B64257429938B5B00EFBF74 /* Preview Assets.xcassets */ = {isa = PBXFileReference; lastKnownFileType = folder.assetcatalog; path = "Preview Assets.xcassets"; sourceTree = "<group>"; };
		9B64257A29938B5B00EFBF74 /* baguetteTests.xctest */ = {isa = PBXFileReference; explicitFileType = wrapper.cfbundle; includeInIndex = 0; path = baguetteTests.xctest; sourceTree = BUILT_PRODUCTS_DIR; };
		9B64257E29938B5B00EFBF74 /* baguetteTests.swift */ = {isa = PBXFileReference; lastKnownFileType = sourcecode.swift; path = baguetteTests.swift; sourceTree = "<group>"; };
		9B64258429938B5B00EFBF74 /* baguetteUITests.xctest */ = {isa = PBXFileReference; explicitFileType = wrapper.cfbundle; includeInIndex = 0; path = baguetteUITests.xctest; sourceTree = BUILT_PRODUCTS_DIR; };
		9B64258829938B5B00EFBF74 /* baguetteUITests.swift */ = {isa = PBXFileReference; lastKnownFileType = sourcecode.swift; path = baguetteUITests.swift; sourceTree = "<group>"; };
		9B64258A29938B5B00EFBF74 /* baguetteUITestsLaunchTests.swift */ = {isa = PBXFileReference; lastKnownFileType = sourcecode.swift; path = baguetteUITestsLaunchTests.swift; sourceTree = "<group>"; };
/* End PBXFileReference section */

/* Begin PBXFrameworksBuildPhase section */
		9B64256629938B5900EFBF74 /* Frameworks */ = {
			isa = PBXFrameworksBuildPhase;
			buildActionMask = 2147483647;
			files = (
			);
			runOnlyForDeploymentPostprocessing = 0;
		};
		9B64257729938B5B00EFBF74 /* Frameworks */ = {
			isa = PBXFrameworksBuildPhase;
			buildActionMask = 2147483647;
			files = (
			);
			runOnlyForDeploymentPostprocessing = 0;
		};
		9B64258129938B5B00EFBF74 /* Frameworks */ = {
			isa = PBXFrameworksBuildPhase;
			buildActionMask = 2147483647;
			files = (
			);
			runOnlyForDeploymentPostprocessing = 0;
		};
/* End PBXFrameworksBuildPhase section */

/* Begin PBXGroup section */
		9B64256029938B5900EFBF74 = {
			isa = PBXGroup;
			children = (
				9B64256B29938B5900EFBF74 /* baguette */,
				9B64257D29938B5B00EFBF74 /* baguetteTests */,
				9B64258729938B5B00EFBF74 /* baguetteUITests */,
				9B64256A29938B5900EFBF74 /* Products */,
			);
			sourceTree = "<group>";
		};
		9B64256A29938B5900EFBF74 /* Products */ = {
			isa = PBXGroup;
			children = (
				9B64256929938B5900EFBF74 /* baguette.app */,
				9B64257A29938B5B00EFBF74 /* baguetteTests.xctest */,
				9B64258429938B5B00EFBF74 /* baguetteUITests.xctest */,
			);
			name = Products;
			sourceTree = "<group>";
		};
		9B64256B29938B5900EFBF74 /* baguette */ = {
			isa = PBXGroup;
			children = (
				9B64256C29938B5900EFBF74 /* baguetteApp.swift */,
				9B64256E29938B5900EFBF74 /* ContentView.swift */,
				9B64257029938B5B00EFBF74 /* Assets.xcassets */,
				9B64257229938B5B00EFBF74 /* baguette.entitlements */,
				9B64257329938B5B00EFBF74 /* Preview Content */,
			);
			path = baguette;
			sourceTree = "<group>";
		};
		9B64257329938B5B00EFBF74 /* Preview Content */ = {
			isa = PBXGroup;
			children = (
				9B64257429938B5B00EFBF74 /* Preview Assets.xcassets */,
			);
			path = "Preview Content";
			sourceTree = "<group>";
		};
		9B64257D29938B5B00EFBF74 /* baguetteTests */ = {
			isa = PBXGroup;
			children = (
				9B64257E29938B5B00EFBF74 /* baguetteTests.swift */,
			);
			path = baguetteTests;
			sourceTree = "<group>";
		};
		9B64258729938B5B00EFBF74 /* baguetteUITests */ = {
			isa = PBXGroup;
			children = (
				9B64258829938B5B00EFBF74 /* baguetteUITests.swift */,
				9B64258A29938B5B00EFBF74 /* baguetteUITestsLaunchTests.swift */,
			);
			path = baguetteUITests;
			sourceTree = "<group>";
		};
/* End PBXGroup section */

/* Begin PBXNativeTarget section */
		9B64256829938B5900EFBF74 /* baguette */ = {
			isa = PBXNativeTarget;
			buildConfigurationList = 9B64258E29938B5B00EFBF74 /* Build configuration list for PBXNativeTarget "baguette" */;
			buildPhases = (
				9B64256529938B5900EFBF74 /* Sources */,
				9B64256629938B5900EFBF74 /* Frameworks */,
				9B64256729938B5900EFBF74 /* Resources */,
			);
			buildRules = (
			);
			dependencies = (
			);
			name = baguette;
			productName = baguette;
			productReference = 9B64256929938B5900EFBF74 /* baguette.app */;
			productType = "com.apple.product-type.application";
		};
		9B64257929938B5B00EFBF74 /* baguetteTests */ = {
			isa = PBXNativeTarget;
			buildConfigurationList = 9B64259129938B5B00EFBF74 /* Build configuration list for PBXNativeTarget "baguetteTests" */;
			buildPhases = (
				9B64257629938B5B00EFBF74 /* Sources */,
				9B64257729938B5B00EFBF74 /* Frameworks */,
				9B64257829938B5B00EFBF74 /* Resources */,
			);
			buildRules = (
			);
			dependencies = (
				9B64257C29938B5B00EFBF74 /* PBXTargetDependency */,
			);
			name = baguetteTests;
			productName = baguetteTests;
			productReference = 9B64257A29938B5B00EFBF74 /* baguetteTests.xctest */;
			productType = "com.apple.product-type.bundle.unit-test";
		};
		9B64258329938B5B00EFBF74 /* baguetteUITests */ = {
			isa = PBXNativeTarget;
			buildConfigurationList = 9B64259429938B5B00EFBF74 /* Build configuration list for PBXNativeTarget "baguetteUITests" */;
			buildPhases = (
				9B64258029938B5B00EFBF74 /* Sources */,
				9B64258129938B5B00EFBF74 /* Frameworks */,
				9B64258229938B5B00EFBF74 /* Resources */,
			);
			buildRules = (
			);
			dependencies = (
				9B64258629938B5B00EFBF74 /* PBXTargetDependency */,
			);
			name = baguetteUITests;
			productName = baguetteUITests;
			productReference = 9B64258429938B5B00EFBF74 /* baguetteUITests.xctest */;
			productType = "com.apple.product-type.bundle.ui-testing";
		};
/* End PBXNativeTarget section */

/* Begin PBXProject section */
		9B64256129938B5900EFBF74 /* Project object */ = {
			isa = PBXProject;
			attributes = {
				BuildIndependentTargetsInParallel = 1;
				LastSwiftUpdateCheck = 1420;
				LastUpgradeCheck = 1420;
				TargetAttributes = {
					9B64256829938B5900EFBF74 = {
						CreatedOnToolsVersion = 14.2;
					};
					9B64257929938B5B00EFBF74 = {
						CreatedOnToolsVersion = 14.2;
						TestTargetID = 9B64256829938B5900EFBF74;
					};
					9B64258329938B5B00EFBF74 = {
						CreatedOnToolsVersion = 14.2;
						TestTargetID = 9B64256829938B5900EFBF74;
					};
				};
			};
			buildConfigurationList = 9B64256429938B5900EFBF74 /* Build configuration list for PBXProject "baguette" */;
			compatibilityVersion = "Xcode 14.0";
			developmentRegion = en;
			hasScannedForEncodings = 0;
			knownRegions = (
				en,
				Base,
			);
			mainGroup = 9B64256029938B5900EFBF74;
			productRefGroup = 9B64256A29938B5900EFBF74 /* Products */;
			projectDirPath = "";
			projectRoot = "";
			targets = (
				9B64256829938B5900EFBF74 /* baguette */,
				9B64257929938B5B00EFBF74 /* baguetteTests */,
				9B64258329938B5B00EFBF74 /* baguetteUITests */,
			);
		};
/* End PBXProject section */

/* Begin PBXResourcesBuildPhase section */
		9B64256729938B5900EFBF74 /* Resources */ = {
			isa = PBXResourcesBuildPhase;
			buildActionMask = 2147483647;
			files = (
				9B64257529938B5B00EFBF74 /* Preview Assets.xcassets in Resources */,
				9B64257129938B5B00EFBF74 /* Assets.xcassets in Resources */,
			);
			runOnlyForDeploymentPostprocessing = 0;
		};
		9B64257829938B5B00EFBF74 /* Resources */ = {
			isa = PBXResourcesBuildPhase;
			buildActionMask = 2147483647;
			files = (
			);
			runOnlyForDeploymentPostprocessing = 0;
		};
		9B64258229938B5B00EFBF74 /* Resources */ = {
			isa = PBXResourcesBuildPhase;
			buildActionMask = 2147483647;
			files = (
			);
			runOnlyForDeploymentPostprocessing = 0;
		};
/* End PBXResourcesBuildPhase section */

/* Begin PBXSourcesBuildPhase section */
		9B64256529938B5900EFBF74 /* Sources */ = {
			isa = PBXSourcesBuildPhase;
			buildActionMask = 2147483647;
			files = (
				9B64256F29938B5900EFBF74 /* ContentView.swift in Sources */,
				9B64256D29938B5900EFBF74 /* baguetteApp.swift in Sources */,
			);
			runOnlyForDeploymentPostprocessing = 0;
		};
		9B64257629938B5B00EFBF74 /* Sources */ = {
			isa = PBXSourcesBuildPhase;
			buildActionMask = 2147483647;
			files = (
				9B64257F29938B5B00EFBF74 /* baguetteTests.swift in Sources */,
			);
			runOnlyForDeploymentPostprocessing = 0;
		};
		9B64258029938B5B00EFBF74 /* Sources */ = {
			isa = PBXSourcesBuildPhase;
			buildActionMask = 2147483647;
			files = (
				9B64258B29938B5B00EFBF74 /* baguetteUITestsLaunchTests.swift in Sources */,
				9B64258929938B5B00EFBF74 /* baguetteUITests.swift in Sources */,
			);
			runOnlyForDeploymentPostprocessing = 0;
		};
/* End PBXSourcesBuildPhase section */

/* Begin PBXTargetDependency section */
		9B64257C29938B5B00EFBF74 /* PBXTargetDependency */ = {
			isa = PBXTargetDependency;
			target = 9B64256829938B5900EFBF74 /* baguette */;
			targetProxy = 9B64257B29938B5B00EFBF74 /* PBXContainerItemProxy */;
		};
		9B64258629938B5B00EFBF74 /* PBXTargetDependency */ = {
			isa = PBXTargetDependency;
			target = 9B64256829938B5900EFBF74 /* baguette */;
			targetProxy = 9B64258529938B5B00EFBF74 /* PBXContainerItemProxy */;
		};
/* End PBXTargetDependency section */

/* Begin XCBuildConfiguration section */
		9B64258C29938B5B00EFBF74 /* Debug */ = {
			isa = XCBuildConfiguration;
			buildSettings = {
				ALWAYS_SEARCH_USER_PATHS = NO;
				CLANG_ANALYZER_NONNULL = YES;
				CLANG_ANALYZER_NUMBER_OBJECT_CONVERSION = YES_AGGRESSIVE;
				CLANG_CXX_LANGUAGE_STANDARD = "gnu++20";
				CLANG_ENABLE_MODULES = YES;
				CLANG_ENABLE_OBJC_ARC = YES;
				CLANG_ENABLE_OBJC_WEAK = YES;
				CLANG_WARN_BLOCK_CAPTURE_AUTORELEASING = YES;
				CLANG_WARN_BOOL_CONVERSION = YES;
				CLANG_WARN_COMMA = YES;
				CLANG_WARN_CONSTANT_CONVERSION = YES;
				CLANG_WARN_DEPRECATED_OBJC_IMPLEMENTATIONS = YES;
				CLANG_WARN_DIRECT_OBJC_ISA_USAGE = YES_ERROR;
				CLANG_WARN_DOCUMENTATION_COMMENTS = YES;
				CLANG_WARN_EMPTY_BODY = YES;
				CLANG_WARN_ENUM_CONVERSION = YES;
				CLANG_WARN_INFINITE_RECURSION = YES;
				CLANG_WARN_INT_CONVERSION = YES;
				CLANG_WARN_NON_LITERAL_NULL_CONVERSION = YES;
				CLANG_WARN_OBJC_IMPLICIT_RETAIN_SELF = YES;
				CLANG_WARN_OBJC_LITERAL_CONVERSION = YES;
				CLANG_WARN_OBJC_ROOT_CLASS = YES_ERROR;
				CLANG_WARN_QUOTED_INCLUDE_IN_FRAMEWORK_HEADER = YES;
				CLANG_WARN_RANGE_LOOP_ANALYSIS = YES;
				CLANG_WARN_STRICT_PROTOTYPES = YES;
				CLANG_WARN_SUSPICIOUS_MOVE = YES;
				CLANG_WARN_UNGUARDED_AVAILABILITY = YES_AGGRESSIVE;
				CLANG_WARN_UNREACHABLE_CODE = YES;
				CLANG_WARN__DUPLICATE_METHOD_MATCH = YES;
				COPY_PHASE_STRIP = NO;
				DEBUG_INFORMATION_FORMAT = dwarf;
				ENABLE_STRICT_OBJC_MSGSEND = YES;
				ENABLE_TESTABILITY = YES;
				GCC_C_LANGUAGE_STANDARD = gnu11;
				GCC_DYNAMIC_NO_PIC = NO;
				GCC_NO_COMMON_BLOCKS = YES;
				GCC_OPTIMIZATION_LEVEL = 0;
				GCC_PREPROCESSOR_DEFINITIONS = (
					"DEBUG=1",
					"$(inherited)",
				);
				GCC_WARN_64_TO_32_BIT_CONVERSION = YES;
				GCC_WARN_ABOUT_RETURN_TYPE = YES_ERROR;
				GCC_WARN_UNDECLARED_SELECTOR = YES;
				GCC_WARN_UNINITIALIZED_AUTOS = YES_AGGRESSIVE;
				GCC_WARN_UNUSED_FUNCTION = YES;
				GCC_WARN_UNUSED_VARIABLE = YES;
				MTL_ENABLE_DEBUG_INFO = INCLUDE_SOURCE;
				MTL_FAST_MATH = YES;
				ONLY_ACTIVE_ARCH = YES;
				SWIFT_ACTIVE_COMPILATION_CONDITIONS = DEBUG;
				SWIFT_OPTIMIZATION_LEVEL = "-Onone";
			};
			name = Debug;
		};
		9B64258D29938B5B00EFBF74 /* Release */ = {
			isa = XCBuildConfiguration;
			buildSettings = {
				ALWAYS_SEARCH_USER_PATHS = NO;
				CLANG_ANALYZER_NONNULL = YES;
				CLANG_ANALYZER_NUMBER_OBJECT_CONVERSION = YES_AGGRESSIVE;
				CLANG_CXX_LANGUAGE_STANDARD = "gnu++20";
				CLANG_ENABLE_MODULES = YES;
				CLANG_ENABLE_OBJC_ARC = YES;
				CLANG_ENABLE_OBJC_WEAK = YES;
				CLANG_WARN_BLOCK_CAPTURE_AUTORELEASING = YES;
				CLANG_WARN_BOOL_CONVERSION = YES;
				CLANG_WARN_COMMA = YES;
				CLANG_WARN_CONSTANT_CONVERSION = YES;
				CLANG_WARN_DEPRECATED_OBJC_IMPLEMENTATIONS = YES;
				CLANG_WARN_DIRECT_OBJC_ISA_USAGE = YES_ERROR;
				CLANG_WARN_DOCUMENTATION_COMMENTS = YES;
				CLANG_WARN_EMPTY_BODY = YES;
				CLANG_WARN_ENUM_CONVERSION = YES;
				CLANG_WARN_INFINITE_RECURSION = YES;
				CLANG_WARN_INT_CONVERSION = YES;
				CLANG_WARN_NON_LITERAL_NULL_CONVERSION = YES;
				CLANG_WARN_OBJC_IMPLICIT_RETAIN_SELF = YES;
				CLANG_WARN_OBJC_LITERAL_CONVERSION = YES;
				CLANG_WARN_OBJC_ROOT_CLASS = YES_ERROR;
				CLANG_WARN_QUOTED_INCLUDE_IN_FRAMEWORK_HEADER = YES;
				CLANG_WARN_RANGE_LOOP_ANALYSIS = YES;
				CLANG_WARN_STRICT_PROTOTYPES = YES;
				CLANG_WARN_SUSPICIOUS_MOVE = YES;
				CLANG_WARN_UNGUARDED_AVAILABILITY = YES_AGGRESSIVE;
				CLANG_WARN_UNREACHABLE_CODE = YES;
				CLANG_WARN__DUPLICATE_METHOD_MATCH = YES;
				COPY_PHASE_STRIP = NO;
				DEBUG_INFORMATION_FORMAT = "dwarf-with-dsym";
				ENABLE_NS_ASSERTIONS = NO;
				ENABLE_STRICT_OBJC_MSGSEND = YES;
				GCC_C_LANGUAGE_STANDARD = gnu11;
				GCC_NO_COMMON_BLOCKS = YES;
				GCC_WARN_64_TO_32_BIT_CONVERSION = YES;
				GCC_WARN_ABOUT_RETURN_TYPE = YES_ERROR;
				GCC_WARN_UNDECLARED_SELECTOR = YES;
				GCC_WARN_UNINITIALIZED_AUTOS = YES_AGGRESSIVE;
				GCC_WARN_UNUSED_FUNCTION = YES;
				GCC_WARN_UNUSED_VARIABLE = YES;
				MTL_ENABLE_DEBUG_INFO = NO;
				MTL_FAST_MATH = YES;
				SWIFT_COMPILATION_MODE = wholemodule;
				SWIFT_OPTIMIZATION_LEVEL = "-O";
			};
			name = Release;
		};
		9B64258F29938B5B00EFBF74 /* Debug */ = {
			isa = XCBuildConfiguration;
			buildSettings = {
				ASSETCATALOG_COMPILER_APPICON_NAME = AppIcon;
				ASSETCATALOG_COMPILER_GLOBAL_ACCENT_COLOR_NAME = AccentColor;
				CODE_SIGN_ENTITLEMENTS = baguette/baguette.entitlements;
				CODE_SIGN_STYLE = Automatic;
				CURRENT_PROJECT_VERSION = 1;
				DEVELOPMENT_ASSET_PATHS = "\"baguette/Preview Content\"";
				ENABLE_PREVIEWS = YES;
				GENERATE_INFOPLIST_FILE = YES;
				"INFOPLIST_KEY_UIApplicationSceneManifest_Generation[sdk=iphoneos*]" = YES;
				"INFOPLIST_KEY_UIApplicationSceneManifest_Generation[sdk=iphonesimulator*]" = YES;
				"INFOPLIST_KEY_UIApplicationSupportsIndirectInputEvents[sdk=iphoneos*]" = YES;
				"INFOPLIST_KEY_UIApplicationSupportsIndirectInputEvents[sdk=iphonesimulator*]" = YES;
				"INFOPLIST_KEY_UILaunchScreen_Generation[sdk=iphoneos*]" = YES;
				"INFOPLIST_KEY_UILaunchScreen_Generation[sdk=iphonesimulator*]" = YES;
				"INFOPLIST_KEY_UIStatusBarStyle[sdk=iphoneos*]" = UIStatusBarStyleDefault;
				"INFOPLIST_KEY_UIStatusBarStyle[sdk=iphonesimulator*]" = UIStatusBarStyleDefault;
				INFOPLIST_KEY_UISupportedInterfaceOrientations_iPad = "UIInterfaceOrientationPortrait UIInterfaceOrientationPortraitUpsideDown UIInterfaceOrientationLandscapeLeft UIInterfaceOrientationLandscapeRight";
				INFOPLIST_KEY_UISupportedInterfaceOrientations_iPhone = "UIInterfaceOrientationPortrait UIInterfaceOrientationLandscapeLeft UIInterfaceOrientationLandscapeRight";
				IPHONEOS_DEPLOYMENT_TARGET = 16.2;
				LD_RUNPATH_SEARCH_PATHS = "@executable_path/Frameworks";
				"LD_RUNPATH_SEARCH_PATHS[sdk=macosx*]" = "@executable_path/../Frameworks";
				MACOSX_DEPLOYMENT_TARGET = 13.1;
				MARKETING_VERSION = 1.0;
				PRODUCT_BUNDLE_IDENTIFIER = com.suyeon.baguette;
				PRODUCT_NAME = "$(TARGET_NAME)";
				SDKROOT = auto;
				SUPPORTED_PLATFORMS = "iphoneos iphonesimulator macosx";
				SWIFT_EMIT_LOC_STRINGS = YES;
				SWIFT_VERSION = 5.0;
				TARGETED_DEVICE_FAMILY = "1,2";
			};
			name = Debug;
		};
		9B64259029938B5B00EFBF74 /* Release */ = {
			isa = XCBuildConfiguration;
			buildSettings = {
				ASSETCATALOG_COMPILER_APPICON_NAME = AppIcon;
				ASSETCATALOG_COMPILER_GLOBAL_ACCENT_COLOR_NAME = AccentColor;
				CODE_SIGN_ENTITLEMENTS = baguette/baguette.entitlements;
				CODE_SIGN_STYLE = Automatic;
				CURRENT_PROJECT_VERSION = 1;
				DEVELOPMENT_ASSET_PATHS = "\"baguette/Preview Content\"";
				ENABLE_PREVIEWS = YES;
				GENERATE_INFOPLIST_FILE = YES;
				"INFOPLIST_KEY_UIApplicationSceneManifest_Generation[sdk=iphoneos*]" = YES;
				"INFOPLIST_KEY_UIApplicationSceneManifest_Generation[sdk=iphonesimulator*]" = YES;
				"INFOPLIST_KEY_UIApplicationSupportsIndirectInputEvents[sdk=iphoneos*]" = YES;
				"INFOPLIST_KEY_UIApplicationSupportsIndirectInputEvents[sdk=iphonesimulator*]" = YES;
				"INFOPLIST_KEY_UILaunchScreen_Generation[sdk=iphoneos*]" = YES;
				"INFOPLIST_KEY_UILaunchScreen_Generation[sdk=iphonesimulator*]" = YES;
				"INFOPLIST_KEY_UIStatusBarStyle[sdk=iphoneos*]" = UIStatusBarStyleDefault;
				"INFOPLIST_KEY_UIStatusBarStyle[sdk=iphonesimulator*]" = UIStatusBarStyleDefault;
				INFOPLIST_KEY_UISupportedInterfaceOrientations_iPad = "UIInterfaceOrientationPortrait UIInterfaceOrientationPortraitUpsideDown UIInterfaceOrientationLandscapeLeft UIInterfaceOrientationLandscapeRight";
				INFOPLIST_KEY_UISupportedInterfaceOrientations_iPhone = "UIInterfaceOrientationPortrait UIInterfaceOrientationLandscapeLeft UIInterfaceOrientationLandscapeRight";
				IPHONEOS_DEPLOYMENT_TARGET = 16.2;
				LD_RUNPATH_SEARCH_PATHS = "@executable_path/Frameworks";
				"LD_RUNPATH_SEARCH_PATHS[sdk=macosx*]" = "@executable_path/../Frameworks";
				MACOSX_DEPLOYMENT_TARGET = 13.1;
				MARKETING_VERSION = 1.0;
				PRODUCT_BUNDLE_IDENTIFIER = com.suyeon.baguette;
				PRODUCT_NAME = "$(TARGET_NAME)";
				SDKROOT = auto;
				SUPPORTED_PLATFORMS = "iphoneos iphonesimulator macosx";
				SWIFT_EMIT_LOC_STRINGS = YES;
				SWIFT_VERSION = 5.0;
				TARGETED_DEVICE_FAMILY = "1,2";
			};
			name = Release;
		};
		9B64259229938B5B00EFBF74 /* Debug */ = {
			isa = XCBuildConfiguration;
			buildSettings = {
				ALWAYS_EMBED_SWIFT_STANDARD_LIBRARIES = YES;
				BUNDLE_LOADER = "$(TEST_HOST)";
				CODE_SIGN_STYLE = Automatic;
				CURRENT_PROJECT_VERSION = 1;
				GENERATE_INFOPLIST_FILE = YES;
				IPHONEOS_DEPLOYMENT_TARGET = 16.2;
				MACOSX_DEPLOYMENT_TARGET = 13.1;
				MARKETING_VERSION = 1.0;
				PRODUCT_BUNDLE_IDENTIFIER = com.suyeon.baguetteTests;
				PRODUCT_NAME = "$(TARGET_NAME)";
				SDKROOT = auto;
				SUPPORTED_PLATFORMS = "iphoneos iphonesimulator macosx";
				SWIFT_EMIT_LOC_STRINGS = NO;
				SWIFT_VERSION = 5.0;
				TARGETED_DEVICE_FAMILY = "1,2";
				TEST_HOST = "$(BUILT_PRODUCTS_DIR)/baguette.app/$(BUNDLE_EXECUTABLE_FOLDER_PATH)/baguette";
			};
			name = Debug;
		};
		9B64259329938B5B00EFBF74 /* Release */ = {
			isa = XCBuildConfiguration;
			buildSettings = {
				ALWAYS_EMBED_SWIFT_STANDARD_LIBRARIES = YES;
				BUNDLE_LOADER = "$(TEST_HOST)";
				CODE_SIGN_STYLE = Automatic;
				CURRENT_PROJECT_VERSION = 1;
				GENERATE_INFOPLIST_FILE = YES;
				IPHONEOS_DEPLOYMENT_TARGET = 16.2;
				MACOSX_DEPLOYMENT_TARGET = 13.1;
				MARKETING_VERSION = 1.0;
				PRODUCT_BUNDLE_IDENTIFIER = com.suyeon.baguetteTests;
				PRODUCT_NAME = "$(TARGET_NAME)";
				SDKROOT = auto;
				SUPPORTED_PLATFORMS = "iphoneos iphonesimulator macosx";
				SWIFT_EMIT_LOC_STRINGS = NO;
				SWIFT_VERSION = 5.0;
				TARGETED_DEVICE_FAMILY = "1,2";
				TEST_HOST = "$(BUILT_PRODUCTS_DIR)/baguette.app/$(BUNDLE_EXECUTABLE_FOLDER_PATH)/baguette";
			};
			name = Release;
		};
		9B64259529938B5B00EFBF74 /* Debug */ = {
			isa = XCBuildConfiguration;
			buildSettings = {
				ALWAYS_EMBED_SWIFT_STANDARD_LIBRARIES = YES;
				CODE_SIGN_STYLE = Automatic;
				CURRENT_PROJECT_VERSION = 1;
				GENERATE_INFOPLIST_FILE = YES;
				IPHONEOS_DEPLOYMENT_TARGET = 16.2;
				MACOSX_DEPLOYMENT_TARGET = 13.1;
				MARKETING_VERSION = 1.0;
				PRODUCT_BUNDLE_IDENTIFIER = com.suyeon.baguetteUITests;
				PRODUCT_NAME = "$(TARGET_NAME)";
				SDKROOT = auto;
				SUPPORTED_PLATFORMS = "iphoneos iphonesimulator macosx";
				SWIFT_EMIT_LOC_STRINGS = NO;
				SWIFT_VERSION = 5.0;
				TARGETED_DEVICE_FAMILY = "1,2";
				TEST_TARGET_NAME = baguette;
			};
			name = Debug;
		};
		9B64259629938B5B00EFBF74 /* Release */ = {
			isa = XCBuildConfiguration;
			buildSettings = {
				ALWAYS_EMBED_SWIFT_STANDARD_LIBRARIES = YES;
				CODE_SIGN_STYLE = Automatic;
				CURRENT_PROJECT_VERSION = 1;
				GENERATE_INFOPLIST_FILE = YES;
				IPHONEOS_DEPLOYMENT_TARGET = 16.2;
				MACOSX_DEPLOYMENT_TARGET = 13.1;
				MARKETING_VERSION = 1.0;
				PRODUCT_BUNDLE_IDENTIFIER = com.suyeon.baguetteUITests;
				PRODUCT_NAME = "$(TARGET_NAME)";
				SDKROOT = auto;
				SUPPORTED_PLATFORMS = "iphoneos iphonesimulator macosx";
				SWIFT_EMIT_LOC_STRINGS = NO;
				SWIFT_VERSION = 5.0;
				TARGETED_DEVICE_FAMILY = "1,2";
				TEST_TARGET_NAME = baguette;
			};
			name = Release;
		};
/* End XCBuildConfiguration section */

/* Begin XCConfigurationList section */
		9B64256429938B5900EFBF74 /* Build configuration list for PBXProject "baguette" */ = {
			isa = XCConfigurationList;
			buildConfigurations = (
				9B64258C29938B5B00EFBF74 /* Debug */,
				9B64258D29938B5B00EFBF74 /* Release */,
			);
			defaultConfigurationIsVisible = 0;
			defaultConfigurationName = Release;
		};
		9B64258E29938B5B00EFBF74 /* Build configuration list for PBXNativeTarget "baguette" */ = {
			isa = XCConfigurationList;
			buildConfigurations = (
				9B64258F29938B5B00EFBF74 /* Debug */,
				9B64259029938B5B00EFBF74 /* Release */,
			);
			defaultConfigurationIsVisible = 0;
			defaultConfigurationName = Release;
		};
		9B64259129938B5B00EFBF74 /* Build configuration list for PBXNativeTarget "baguetteTests" */ = {
			isa = XCConfigurationList;
			buildConfigurations = (
				9B64259229938B5B00EFBF74 /* Debug */,
				9B64259329938B5B00EFBF74 /* Release */,
			);
			defaultConfigurationIsVisible = 0;
			defaultConfigurationName = Release;
		};
		9B64259429938B5B00EFBF74 /* Build configuration list for PBXNativeTarget "baguetteUITests" */ = {
			isa = XCConfigurationList;
			buildConfigurations = (
				9B64259529938B5B00EFBF74 /* Debug */,
				9B64259629938B5B00EFBF74 /* Release */,
			);
			defaultConfigurationIsVisible = 0;
			defaultConfigurationName = Release;
		};
/* End XCConfigurationList section */
	};
	rootObject = 9B64256129938B5900EFBF74 /* Project object */;
}
